
Microsoft Visual Studio Solution File, Format Version 12.00
# Visual Studio Version 17
VisualStudioVersion = 17.2.32519.379
MinimumVisualStudioVersion = 10.0.40219.1
Project("{FAE04EC0-301F-11D3-BF4B-00C04F79EFBC}") = "CodecoolMaterialsAPI", "CodecoolMaterialsAPI\CodecoolMaterialsAPI.csproj", "{38334E39-87E9-4E28-BB91-D2E43EE72184}"
EndProject
Global
	GlobalSection(SolutionConfigurationPlatforms) = preSolution
		Debug|Any CPU = Debug|Any CPU
		Release|Any CPU = Release|Any CPU
	EndGlobalSection
	GlobalSection(ProjectConfigurationPlatforms) = postSolution
		{38334E39-87E9-4E28-BB91-D2E43EE72184}.Debug|Any CPU.ActiveCfg = Debug|Any CPU
		{38334E39-87E9-4E28-BB91-D2E43EE72184}.Debug|Any CPU.Build.0 = Debug|Any CPU
		{38334E39-87E9-4E28-BB91-D2E43EE72184}.Release|Any CPU.ActiveCfg = Release|Any CPU
		{38334E39-87E9-4E28-BB91-D2E43EE72184}.Release|Any CPU.Build.0 = Release|Any CPU
	EndGlobalSection
	GlobalSection(SolutionProperties) = preSolution
		HideSolutionNode = FALSE
	EndGlobalSection
	GlobalSection(ExtensibilityGlobals) = postSolution
		SolutionGuid = {1CFE94CD-D48D-4E66-9357-A6DE1255BBCA}
	EndGlobalSection
EndGlobal
